
Microsoft Visual Studio Solution File, Format Version 12.00
# Visual Studio 15
VisualStudioVersion = 15.0.27004.2010
MinimumVisualStudioVersion = 10.0.40219.1
Project("{FAE04EC0-301F-11D3-BF4B-00C04F79EFBC}") = "OneOff.Models", "OneOff.Models\OneOff.Models.csproj", "{89D0F430-EA1B-4057-8919-109A84028A50}"
EndProject
Project("{FAE04EC0-301F-11D3-BF4B-00C04F79EFBC}") = "OneOff.Data", "OneOff.Data\OneOff.Data.csproj", "{1EF24153-95A5-44BB-94A0-75443A2D7BDA}"
EndProject
Project("{FAE04EC0-301F-11D3-BF4B-00C04F79EFBC}") = "OneOff.Web.API", "OneOff.Web.API\OneOff.Web.API.csproj", "{CA226297-55DE-40C6-BA9E-94D66E0FC864}"
EndProject
Project("{FAE04EC0-301F-11D3-BF4B-00C04F79EFBC}") = "OneOff.Services", "OneOff.Services\OneOff.Services.csproj", "{393CCE11-C070-43EF-BF1B-1579B94482FE}"
EndProject
Global
	GlobalSection(SolutionConfigurationPlatforms) = preSolution
		Debug|Any CPU = Debug|Any CPU
		Release|Any CPU = Release|Any CPU
	EndGlobalSection
	GlobalSection(ProjectConfigurationPlatforms) = postSolution
		{89D0F430-EA1B-4057-8919-109A84028A50}.Debug|Any CPU.ActiveCfg = Debug|Any CPU
		{89D0F430-EA1B-4057-8919-109A84028A50}.Debug|Any CPU.Build.0 = Debug|Any CPU
		{89D0F430-EA1B-4057-8919-109A84028A50}.Release|Any CPU.ActiveCfg = Release|Any CPU
		{89D0F430-EA1B-4057-8919-109A84028A50}.Release|Any CPU.Build.0 = Release|Any CPU
		{1EF24153-95A5-44BB-94A0-75443A2D7BDA}.Debug|Any CPU.ActiveCfg = Debug|Any CPU
		{1EF24153-95A5-44BB-94A0-75443A2D7BDA}.Debug|Any CPU.Build.0 = Debug|Any CPU
		{1EF24153-95A5-44BB-94A0-75443A2D7BDA}.Release|Any CPU.ActiveCfg = Release|Any CPU
		{1EF24153-95A5-44BB-94A0-75443A2D7BDA}.Release|Any CPU.Build.0 = Release|Any CPU
		{CA226297-55DE-40C6-BA9E-94D66E0FC864}.Debug|Any CPU.ActiveCfg = Debug|Any CPU
		{CA226297-55DE-40C6-BA9E-94D66E0FC864}.Debug|Any CPU.Build.0 = Debug|Any CPU
		{CA226297-55DE-40C6-BA9E-94D66E0FC864}.Release|Any CPU.ActiveCfg = Release|Any CPU
		{CA226297-55DE-40C6-BA9E-94D66E0FC864}.Release|Any CPU.Build.0 = Release|Any CPU
		{393CCE11-C070-43EF-BF1B-1579B94482FE}.Debug|Any CPU.ActiveCfg = Debug|Any CPU
		{393CCE11-C070-43EF-BF1B-1579B94482FE}.Debug|Any CPU.Build.0 = Debug|Any CPU
		{393CCE11-C070-43EF-BF1B-1579B94482FE}.Release|Any CPU.ActiveCfg = Release|Any CPU
		{393CCE11-C070-43EF-BF1B-1579B94482FE}.Release|Any CPU.Build.0 = Release|Any CPU
	EndGlobalSection
	GlobalSection(SolutionProperties) = preSolution
		HideSolutionNode = FALSE
	EndGlobalSection
	GlobalSection(ExtensibilityGlobals) = postSolution
		SolutionGuid = {B3D06C5C-BD96-47F4-B415-AB69CB8EBFE1}
	EndGlobalSection
EndGlobal
